<?xml version="1.0" encoding="utf-8"?>
<Project ToolsVersion="4.0" xmlns="http://schemas.microsoft.com/developer/msbuild/2003">
  <ItemGroup>
    <ClCompile Include="main.cpp" />
    <ClCompile Include="Base\Base.cpp">
      <Filter>Base</Filter>
    </ClCompile>
    <ClCompile Include="Game01\Player01.cpp">
      <Filter>Game01</Filter>
    </ClCompile>
    <ClCompile Include="Game01\Ball01.cpp">
      <Filter>Game01</Filter>
    </ClCompile>
    <ClCompile Include="Game01\UI01.cpp">
      <Filter>Game01</Filter>
    </ClCompile>
    <ClCompile Include="Game01\Enemy01.cpp">
      <Filter>Game01</Filter>
    </ClCompile>
    <ClCompile Include="Game01\Game01.cpp">
      <Filter>Game01</Filter>
    </ClCompile>
    <ClCompile Include="Game01\GameData01.cpp">
      <Filter>Game01</Filter>
    </ClCompile>
    <ClCompile Include="Game02\Player02.cpp">
      <Filter>Game02</Filter>
    </ClCompile>
    <ClCompile Include="Game02\Enemy02.cpp">
      <Filter>Game02</Filter>
    </ClCompile>
    <ClCompile Include="Game02\Bullet02.cpp">
      <Filter>Game02</Filter>
    </ClCompile>
    <ClCompile Include="Game02\Effect02.cpp">
      <Filter>Game02</Filter>
    </ClCompile>
    <ClCompile Include="Game02\UI02.cpp">
      <Filter>Game02</Filter>
    </ClCompile>
    <ClCompile Include="Game02\GameData02.cpp">
      <Filter>Game02</Filter>
    </ClCompile>
    <ClCompile Include="Game03\Game02.cpp">
      <Filter>Game02</Filter>
    </ClCompile>
    <ClCompile Include="Game03\AnimData03.cpp">
      <Filter>Game03</Filter>
    </ClCompile>
    <ClCompile Include="Game03\Effect03.cpp">
      <Filter>Game03</Filter>
    </ClCompile>
    <ClCompile Include="Game03\Enemy03.cpp">
      <Filter>Game03</Filter>
    </ClCompile>
    <ClCompile Include="Game03\Field03.cpp">
      <Filter>Game03</Filter>
    </ClCompile>
    <ClCompile Include="Game03\Game03.cpp">
      <Filter>Game03</Filter>
    </ClCompile>
    <ClCompile Include="Game03\GameData03.cpp">
      <Filter>Game03</Filter>
    </ClCompile>
    <ClCompile Include="Game03\Goal03.cpp">
      <Filter>Game03</Filter>
    </ClCompile>
    <ClCompile Include="Game03\Player03.cpp">
      <Filter>Game03</Filter>
    </ClCompile>
    <ClCompile Include="Game03\Slash03.cpp">
      <Filter>Game03</Filter>
    </ClCompile>
    <ClCompile Include="Game03\UI03.cpp">
      <Filter>Game03</Filter>
    </ClCompile>
    <ClCompile Include="Game04\Player04.cpp">
      <Filter>Game04</Filter>
    </ClCompile>
    <ClCompile Include="Game04\Enemy04.cpp">
      <Filter>Game04</Filter>
    </ClCompile>
    <ClCompile Include="Game04\Game04.cpp">
      <Filter>Game04</Filter>
    </ClCompile>
    <ClCompile Include="Game04\UI04.cpp">
      <Filter>Game04</Filter>
    </ClCompile>
    <ClCompile Include="Game04\GameData04.cpp">
      <Filter>Game04</Filter>
    </ClCompile>
    <ClCompile Include="Game04\Bullet04.cpp">
      <Filter>Game04</Filter>
    </ClCompile>
    <ClCompile Include="Game04\Map04.cpp">
      <Filter>Game04</Filter>
    </ClCompile>
    <ClCompile Include="Title\Title.cpp">
      <Filter>Title</Filter>
    </ClCompile>
    <ClCompile Include="Title\Result.cpp">
      <Filter>Title</Filter>
    </ClCompile>
    <ClCompile Include="Game03\Map.cpp">
      <Filter>Game03</Filter>
    </ClCompile>
  </ItemGroup>
  <ItemGroup>
    <Filter Include="Base">
      <UniqueIdentifier>{92d21a0f-3d8d-4a8b-8c39-31fd384788c0}</UniqueIdentifier>
    </Filter>
    <Filter Include="Game01">
      <UniqueIdentifier>{3f01e8b2-9cb0-43f7-a56b-0dde0f51209f}</UniqueIdentifier>
    </Filter>
    <Filter Include="Game02">
      <UniqueIdentifier>{7d36ec04-41d5-408a-9d46-c4a1f0819218}</UniqueIdentifier>
    </Filter>
    <Filter Include="Game03">
      <UniqueIdentifier>{b5368e1e-917a-4b84-a859-6c92009f0d34}</UniqueIdentifier>
    </Filter>
    <Filter Include="Game04">
      <UniqueIdentifier>{d472ded7-7260-4925-8ed5-816ccfad677f}</UniqueIdentifier>
    </Filter>
    <Filter Include="Title">
      <UniqueIdentifier>{5131662c-7ecd-480b-b861-fe2a6cac31a8}</UniqueIdentifier>
    </Filter>
  </ItemGroup>
  <ItemGroup>
    <ClInclude Include="Base\Base.h">
      <Filter>Base</Filter>
    </ClInclude>
    <ClInclude Include="Game01\Player01.h">
      <Filter>Game01</Filter>
    </ClInclude>
    <ClInclude Include="Game01\Ball01.h">
      <Filter>Game01</Filter>
    </ClInclude>
    <ClInclude Include="Game01\UI01.h">
      <Filter>Game01</Filter>
    </ClInclude>
    <ClInclude Include="Game01\Enemy01.h">
      <Filter>Game01</Filter>
    </ClInclude>
    <ClInclude Include="Game01\Game01.h">
      <Filter>Game01</Filter>
    </ClInclude>
    <ClInclude Include="Game01\GameData01.h">
      <Filter>Game01</Filter>
    </ClInclude>
    <ClInclude Include="Game02\Player02.h">
      <Filter>Game02</Filter>
    </ClInclude>
    <ClInclude Include="Game02\Enemy02.h">
      <Filter>Game02</Filter>
    </ClInclude>
    <ClInclude Include="Game02\Bullet02.h">
      <Filter>Game02</Filter>
    </ClInclude>
    <ClInclude Include="Game02\Effect02.h">
      <Filter>Game02</Filter>
    </ClInclude>
    <ClInclude Include="Game02\UI02.h">
      <Filter>Game02</Filter>
    </ClInclude>
    <ClInclude Include="Game02\GameData02.h">
      <Filter>Game02</Filter>
    </ClInclude>
    <ClInclude Include="Game03\Player03.h">
      <Filter>Game03</Filter>
    </ClInclude>
    <ClInclude Include="Game03\Enemy03.h">
      <Filter>Game03</Filter>
    </ClInclude>
    <ClInclude Include="Game03\AnimData03.h">
      <Filter>Game03</Filter>
    </ClInclude>
    <ClInclude Include="Game03\Effect03.h">
      <Filter>Game03</Filter>
    </ClInclude>
    <ClInclude Include="Game03\Field03.h">
      <Filter>Game03</Filter>
    </ClInclude>
    <ClInclude Include="Game03\Goal03.h">
      <Filter>Game03</Filter>
    </ClInclude>
    <ClInclude Include="Game03\Slash03.h">
      <Filter>Game03</Filter>
    </ClInclude>
    <ClInclude Include="Game03\Game02.h">
      <Filter>Game02</Filter>
    </ClInclude>
    <ClInclude Include="Game03\Game03.h">
      <Filter>Game03</Filter>
    </ClInclude>
    <ClInclude Include="Game03\UI03.h">
      <Filter>Game03</Filter>
    </ClInclude>
    <ClInclude Include="Game03\GameData03.h">
      <Filter>Game03</Filter>
    </ClInclude>
    <ClInclude Include="Game04\Bullet04.h">
      <Filter>Game04</Filter>
    </ClInclude>
    <ClInclude Include="Game04\Enemy04.h">
      <Filter>Game04</Filter>
    </ClInclude>
    <ClInclude Include="Game04\Game04.h">
      <Filter>Game04</Filter>
    </ClInclude>
    <ClInclude Include="Game04\GameData04.h">
      <Filter>Game04</Filter>
    </ClInclude>
    <ClInclude Include="Game04\Map04.h">
      <Filter>Game04</Filter>
    </ClInclude>
    <ClInclude Include="Game04\Player04.h">
      <Filter>Game04</Filter>
    </ClInclude>
    <ClInclude Include="Game04\UI04.h">
      <Filter>Game04</Filter>
    </ClInclude>
    <ClInclude Include="Title\Title.h">
      <Filter>Title</Filter>
    </ClInclude>
    <ClInclude Include="Title\Result.h">
      <Filter>Title</Filter>
    </ClInclude>
    <ClInclude Include="Game03\Map.h">
      <Filter>Game03</Filter>
    </ClInclude>
  </ItemGroup>
</Project>